PODS:
  - Alamofire (4.6.0)
  - CodableAlamofire (1.1.0):
    - Alamofire (~> 4.0)
  - RxCocoa (4.1.1):
    - RxSwift (~> 4.0)
  - RxSwift (4.1.1)
  - RxSwiftExt (3.1.0):
    - RxSwiftExt/Core (= 3.1.0)
  - RxSwiftExt/Core (3.1.0):
    - RxSwift (~> 4.0)

DEPENDENCIES:
  - Alamofire (~> 4.4)
  - CodableAlamofire
  - RxCocoa (~> 4.0)
  - RxSwift (~> 4.0)
  - RxSwiftExt (~> 3.0)

SPEC CHECKSUMS:
  Alamofire: f41a599bd63041760b26d393ec1069d9d7b917f4
  CodableAlamofire: e2d2edcec7cf413f7862c30c8fa98eded27a83f9
  RxCocoa: fd0862fd2df95fa55562ad28ffd2522c25eb4a85
  RxSwift: c6e3b1c7b325c7d121cd4327e9d98b7ed746b570
  RxSwiftExt: a9b9c8e94be009146707f9fcb16eaf3cc1f3910c

PODFILE CHECKSUM: 794f892a3c00b044efe63f6b1dda743a7ae65104

COCOAPODS: 1.3.1
