PODS:
  - Alamofire (4.9.1)
  - CodableAlamofire (1.1.2):
    - Alamofire (~> 4.0)
  - Differentiator (3.1.0)
  - RxCocoa (4.5.0):
    - RxSwift (>= 4.4.2, ~> 4.4)
  - RxDataSources (3.1.0):
    - Differentiator (~> 3.0)
    - RxCocoa (~> 4.0)
    - RxSwift (~> 4.0)
  - RxSwift (4.5.0)
  - RxSwiftExt (3.4.0):
    - RxSwiftExt/Core (= 3.4.0)
    - RxSwiftExt/RxCocoa (= 3.4.0)
  - RxSwiftExt/Core (3.4.0):
    - RxSwift (~> 4.0)
  - RxSwiftExt/RxCocoa (3.4.0):
    - RxCocoa (~> 4.0)
    - RxSwiftExt/Core

DEPENDENCIES:
  - Alamofire (~> 4.4)
  - CodableAlamofire
  - RxCocoa (~> 4.0)
  - RxDataSources (~> 3.0)
  - RxSwift (~> 4.0)
  - RxSwiftExt (~> 3.0)

SPEC REPOS:
  https://github.com/CocoaPods/Specs.git:
    - Differentiator
    - RxDataSources
  trunk:
    - Alamofire
    - CodableAlamofire
    - RxCocoa
    - RxSwift
    - RxSwiftExt

SPEC CHECKSUMS:
  Alamofire: 85e8a02c69d6020a0d734f6054870d7ecb75cf18
  CodableAlamofire: b7adfb2e5e980392014b4b3f3b8b62c01b9de4aa
  Differentiator: be49ca3408f0ecfc761e4c7763d20c62be01b9ad
  RxCocoa: cbf70265dc65a981d4ac982e513c10cf23df24a0
  RxDataSources: a843bad90c29817f5923ec8163f4af2de084ceb3
  RxSwift: f172070dfd1a93d70a9ab97a5a01166206e1c575
  RxSwiftExt: 01f8ecbeeb355698e9c75365ebe908b00dacf45d

PODFILE CHECKSUM: 363a845ef62794220e3ad9c9c022d12761600961

COCOAPODS: 1.8.4
