// !$*UTF8*$!
{
	archiveVersion = 1;
	classes = {
	};
	objectVersion = 48;
	objects = {

/* Begin PBXBuildFile section */
		92290B5D2F8E7CF8E6B38F83 /* Pods_MVVMC_SplitViewController.framework in Frameworks */ = {isa = PBXBuildFile; fileRef = C8B3F91BD7F8F02C851EDA49 /* Pods_MVVMC_SplitViewController.framework */; };
		C915BE051FF5D5F600F53F5F /* BaseCoordinator.swift in Sources */ = {isa = PBXBuildFile; fileRef = C915BE041FF5D5F600F53F5F /* BaseCoordinator.swift */; };
		C915BE071FF5D72C00F53F5F /* AppCoordinator.swift in Sources */ = {isa = PBXBuildFile; fileRef = C915BE061FF5D72C00F53F5F /* AppCoordinator.swift */; };
		C915BE0A1FF5D88700F53F5F /* PostsCoordinator.swift in Sources */ = {isa = PBXBuildFile; fileRef = C915BE091FF5D88700F53F5F /* PostsCoordinator.swift */; };
		C915BE101FF5DD6600F53F5F /* PostDetailViewController.storyboard in Resources */ = {isa = PBXBuildFile; fileRef = C915BE0F1FF5DD6600F53F5F /* PostDetailViewController.storyboard */; };
		C915BE121FF5DD7700F53F5F /* PostDetailViewController.swift in Sources */ = {isa = PBXBuildFile; fileRef = C915BE111FF5DD7700F53F5F /* PostDetailViewController.swift */; };
		C915BE141FF5DDE900F53F5F /* PostDetailViewModel.swift in Sources */ = {isa = PBXBuildFile; fileRef = C915BE131FF5DDE900F53F5F /* PostDetailViewModel.swift */; };
		C915BE171FF5EB8300F53F5F /* TodosCoordinator.swift in Sources */ = {isa = PBXBuildFile; fileRef = C915BE161FF5EB8300F53F5F /* TodosCoordinator.swift */; };
		C915BE1A1FF5F35600F53F5F /* TodosListViewController.storyboard in Resources */ = {isa = PBXBuildFile; fileRef = C915BE191FF5F35600F53F5F /* TodosListViewController.storyboard */; };
		C915BE1C1FF5F36600F53F5F /* TodosListViewController.swift in Sources */ = {isa = PBXBuildFile; fileRef = C915BE1B1FF5F36600F53F5F /* TodosListViewController.swift */; };
		C915BE1E1FF5F37900F53F5F /* TodosListViewModel.swift in Sources */ = {isa = PBXBuildFile; fileRef = C915BE1D1FF5F37900F53F5F /* TodosListViewModel.swift */; };
		C915BE201FF5F74E00F53F5F /* SplitViewCoordinator.swift in Sources */ = {isa = PBXBuildFile; fileRef = C915BE1F1FF5F74E00F53F5F /* SplitViewCoordinator.swift */; };
		C93E19881FF4450C00B5D0B9 /* APIClient.swift in Sources */ = {isa = PBXBuildFile; fileRef = C93E19871FF4450C00B5D0B9 /* APIClient.swift */; };
		C93E198B1FF4535B00B5D0B9 /* PostsListViewController.swift in Sources */ = {isa = PBXBuildFile; fileRef = C93E198A1FF4535B00B5D0B9 /* PostsListViewController.swift */; };
		C93E198D1FF4536800B5D0B9 /* PostsListViewModel.swift in Sources */ = {isa = PBXBuildFile; fileRef = C93E198C1FF4536800B5D0B9 /* PostsListViewModel.swift */; };
		C93E198F1FF4537C00B5D0B9 /* PostsListViewController.storyboard in Resources */ = {isa = PBXBuildFile; fileRef = C93E198E1FF4537C00B5D0B9 /* PostsListViewController.storyboard */; };
		C93E19921FF4854E00B5D0B9 /* Router.swift in Sources */ = {isa = PBXBuildFile; fileRef = C93E19911FF4854E00B5D0B9 /* Router.swift */; };
		C93E19971FF487D500B5D0B9 /* ViewModelType.swift in Sources */ = {isa = PBXBuildFile; fileRef = C93E19961FF487D500B5D0B9 /* ViewModelType.swift */; };
		C93E19991FF4881300B5D0B9 /* ViewModelAttaching.swift in Sources */ = {isa = PBXBuildFile; fileRef = C93E19981FF4881300B5D0B9 /* ViewModelAttaching.swift */; };
		C93E199B1FF48CCD00B5D0B9 /* ActivityIndicator.swift in Sources */ = {isa = PBXBuildFile; fileRef = C93E199A1FF48CCD00B5D0B9 /* ActivityIndicator.swift */; };
		C93E199D1FF48CF900B5D0B9 /* ErrorTracker.swift in Sources */ = {isa = PBXBuildFile; fileRef = C93E199C1FF48CF900B5D0B9 /* ErrorTracker.swift */; };
		C93E199F1FF4910E00B5D0B9 /* Observable+Ext.swift in Sources */ = {isa = PBXBuildFile; fileRef = C93E199E1FF4910E00B5D0B9 /* Observable+Ext.swift */; };
		C93E19A11FF4918500B5D0B9 /* Reusable.swift in Sources */ = {isa = PBXBuildFile; fileRef = C93E19A01FF4918500B5D0B9 /* Reusable.swift */; };
		C94BE7271FF353830038CBA8 /* Address.swift in Sources */ = {isa = PBXBuildFile; fileRef = C94BE7261FF353830038CBA8 /* Address.swift */; };
		C94BE7291FF3538F0038CBA8 /* Album.swift in Sources */ = {isa = PBXBuildFile; fileRef = C94BE7281FF3538F0038CBA8 /* Album.swift */; };
		C94BE72B1FF353970038CBA8 /* Comment.swift in Sources */ = {isa = PBXBuildFile; fileRef = C94BE72A1FF353970038CBA8 /* Comment.swift */; };
		C94BE72D1FF353A00038CBA8 /* Company.swift in Sources */ = {isa = PBXBuildFile; fileRef = C94BE72C1FF353A00038CBA8 /* Company.swift */; };
		C94BE72F1FF353A60038CBA8 /* Geo.swift in Sources */ = {isa = PBXBuildFile; fileRef = C94BE72E1FF353A60038CBA8 /* Geo.swift */; };
		C94BE7311FF353AD0038CBA8 /* Photo.swift in Sources */ = {isa = PBXBuildFile; fileRef = C94BE7301FF353AD0038CBA8 /* Photo.swift */; };
		C94BE7331FF353B40038CBA8 /* Post.swift in Sources */ = {isa = PBXBuildFile; fileRef = C94BE7321FF353B40038CBA8 /* Post.swift */; };
		C94BE7351FF353BA0038CBA8 /* Todo.swift in Sources */ = {isa = PBXBuildFile; fileRef = C94BE7341FF353BA0038CBA8 /* Todo.swift */; };
		C94BE7371FF353C00038CBA8 /* User.swift in Sources */ = {isa = PBXBuildFile; fileRef = C94BE7361FF353C00038CBA8 /* User.swift */; };
		C94F8F3C1FEC234C00C8183D /* AppDelegate.swift in Sources */ = {isa = PBXBuildFile; fileRef = C94F8F3B1FEC234C00C8183D /* AppDelegate.swift */; };
		C94F8F431FEC234C00C8183D /* Assets.xcassets in Resources */ = {isa = PBXBuildFile; fileRef = C94F8F421FEC234C00C8183D /* Assets.xcassets */; };
		C94F8F461FEC234C00C8183D /* LaunchScreen.storyboard in Resources */ = {isa = PBXBuildFile; fileRef = C94F8F441FEC234C00C8183D /* LaunchScreen.storyboard */; };
		C94F8F511FEC234C00C8183D /* MVVMC_SplitViewControllerTests.swift in Sources */ = {isa = PBXBuildFile; fileRef = C94F8F501FEC234C00C8183D /* MVVMC_SplitViewControllerTests.swift */; };
		C97137DA1FFB1A70009EE9B6 /* UserManager.swift in Sources */ = {isa = PBXBuildFile; fileRef = C97137D91FFB1A70009EE9B6 /* UserManager.swift */; };
		C97137DD1FFB2BDF009EE9B6 /* LoginViewController.swift in Sources */ = {isa = PBXBuildFile; fileRef = C97137DC1FFB2BDF009EE9B6 /* LoginViewController.swift */; };
		C97137DF1FFB2BEF009EE9B6 /* LoginCoordinator.swift in Sources */ = {isa = PBXBuildFile; fileRef = C97137DE1FFB2BEF009EE9B6 /* LoginCoordinator.swift */; };
		C97137E11FFB2BFE009EE9B6 /* LoginViewModel.swift in Sources */ = {isa = PBXBuildFile; fileRef = C97137E01FFB2BFE009EE9B6 /* LoginViewModel.swift */; };
		C97137E41FFB33CF009EE9B6 /* LoginViewController.storyboard in Resources */ = {isa = PBXBuildFile; fileRef = C97137E31FFB33CF009EE9B6 /* LoginViewController.storyboard */; };
		C97137E71FFB4676009EE9B6 /* SignupCoordinator.swift in Sources */ = {isa = PBXBuildFile; fileRef = C97137E61FFB4676009EE9B6 /* SignupCoordinator.swift */; };
		C97137E91FFB46A4009EE9B6 /* SignupViewController.swift in Sources */ = {isa = PBXBuildFile; fileRef = C97137E81FFB46A4009EE9B6 /* SignupViewController.swift */; };
		C97137EB1FFB46AF009EE9B6 /* SignupViewModel.swift in Sources */ = {isa = PBXBuildFile; fileRef = C97137EA1FFB46AF009EE9B6 /* SignupViewModel.swift */; };
		C97137ED1FFB4A2C009EE9B6 /* SignupViewController.storyboard in Resources */ = {isa = PBXBuildFile; fileRef = C97137EC1FFB4A2C009EE9B6 /* SignupViewController.storyboard */; };
		C97137EF1FFCB185009EE9B6 /* AppDependency.swift in Sources */ = {isa = PBXBuildFile; fileRef = C97137EE1FFCB185009EE9B6 /* AppDependency.swift */; };
		C977D1A72005E2E70076205E /* AlbumsCoordinator.swift in Sources */ = {isa = PBXBuildFile; fileRef = C977D1A62005E2E70076205E /* AlbumsCoordinator.swift */; };
		C977D1AA2005E3770076205E /* AlbumListViewController.swift in Sources */ = {isa = PBXBuildFile; fileRef = C977D1A92005E3770076205E /* AlbumListViewController.swift */; };
		C977D1AC2005E3870076205E /* AlbumListViewModel.swift in Sources */ = {isa = PBXBuildFile; fileRef = C977D1AB2005E3870076205E /* AlbumListViewModel.swift */; };
		C977D1AE2005E39E0076205E /* AlbumListViewController.storyboard in Resources */ = {isa = PBXBuildFile; fileRef = C977D1AD2005E39E0076205E /* AlbumListViewController.storyboard */; };
		C977D1B12005EDA50076205E /* PhotoCollectionViewController.swift in Sources */ = {isa = PBXBuildFile; fileRef = C977D1B02005EDA50076205E /* PhotoCollectionViewController.swift */; };
		C977D1B32005EE440076205E /* PhotoCollectionViewModel.swift in Sources */ = {isa = PBXBuildFile; fileRef = C977D1B22005EE440076205E /* PhotoCollectionViewModel.swift */; };
		C977D1B52005EE580076205E /* PhotoCollectionViewController.storyboard in Resources */ = {isa = PBXBuildFile; fileRef = C977D1B42005EE580076205E /* PhotoCollectionViewController.storyboard */; };
		C97A6DD71FFF202B00C6E7C5 /* SettingsCoordinator.swift in Sources */ = {isa = PBXBuildFile; fileRef = C97A6DD61FFF202B00C6E7C5 /* SettingsCoordinator.swift */; };
		C97A6DD91FFF204300C6E7C5 /* SettingsViewModel.swift in Sources */ = {isa = PBXBuildFile; fileRef = C97A6DD81FFF204200C6E7C5 /* SettingsViewModel.swift */; };
		C97A6DDB1FFF23F700C6E7C5 /* SettingsViewController.swift in Sources */ = {isa = PBXBuildFile; fileRef = C97A6DDA1FFF23F700C6E7C5 /* SettingsViewController.swift */; };
		C97A6DDD1FFF247F00C6E7C5 /* SettingsViewController.storyboard in Resources */ = {isa = PBXBuildFile; fileRef = C97A6DDC1FFF247F00C6E7C5 /* SettingsViewController.storyboard */; };
		C9BD52A6200965AB00D697AD /* ProfileCoordinator.swift in Sources */ = {isa = PBXBuildFile; fileRef = C9BD52A5200965AB00D697AD /* ProfileCoordinator.swift */; };
		C9BD52A8200965BA00D697AD /* ProfileViewController.storyboard in Resources */ = {isa = PBXBuildFile; fileRef = C9BD52A7200965BA00D697AD /* ProfileViewController.storyboard */; };
		C9BD52AA200965C600D697AD /* ProfileViewController.swift in Sources */ = {isa = PBXBuildFile; fileRef = C9BD52A9200965C600D697AD /* ProfileViewController.swift */; };
		C9BD52AC200965D200D697AD /* ProfileViewModel.swift in Sources */ = {isa = PBXBuildFile; fileRef = C9BD52AB200965D200D697AD /* ProfileViewModel.swift */; };
		C9C4F9BF200EF309004AD44A /* PostTableViewCell.swift in Sources */ = {isa = PBXBuildFile; fileRef = C9C4F9BE200EF309004AD44A /* PostTableViewCell.swift */; };
		C9C5E481200479A900F62D42 /* TableViewController.swift in Sources */ = {isa = PBXBuildFile; fileRef = C9C5E480200479A900F62D42 /* TableViewController.swift */; };
		C9C5E4832004802D00F62D42 /* NavigationController.swift in Sources */ = {isa = PBXBuildFile; fileRef = C9C5E4822004802D00F62D42 /* NavigationController.swift */; };
		C9C5E4852004807E00F62D42 /* EmptyDetailViewController.swift in Sources */ = {isa = PBXBuildFile; fileRef = C9C5E4842004807E00F62D42 /* EmptyDetailViewController.swift */; };
		C9C5E487200482A300F62D42 /* TabBarController.swift in Sources */ = {isa = PBXBuildFile; fileRef = C9C5E486200482A300F62D42 /* TabBarController.swift */; };
		C9C5E4892004833300F62D42 /* SplitViewDelegate.swift in Sources */ = {isa = PBXBuildFile; fileRef = C9C5E4882004833300F62D42 /* SplitViewDelegate.swift */; };
		C9E4C16820084F88005A44F2 /* PhotoViewModel.swift in Sources */ = {isa = PBXBuildFile; fileRef = C9E4C16720084F88005A44F2 /* PhotoViewModel.swift */; };
		C9E4C16A200854FA005A44F2 /* PhotoCell.swift in Sources */ = {isa = PBXBuildFile; fileRef = C9E4C169200854FA005A44F2 /* PhotoCell.swift */; };
		C9E4C16D20085AA8005A44F2 /* PhotoDetailViewController.swift in Sources */ = {isa = PBXBuildFile; fileRef = C9E4C16C20085AA8005A44F2 /* PhotoDetailViewController.swift */; };
		C9E4C16F20085ABE005A44F2 /* PhotoDetailViewController.storyboard in Resources */ = {isa = PBXBuildFile; fileRef = C9E4C16E20085ABE005A44F2 /* PhotoDetailViewController.storyboard */; };
		F74BD4199296360ED4ABF481 /* Pods_MVVMC_SplitViewControllerTests.framework in Frameworks */ = {isa = PBXBuildFile; fileRef = 1B3AAA8850B1B4E2D19748C3 /* Pods_MVVMC_SplitViewControllerTests.framework */; };
/* End PBXBuildFile section */

/* Begin PBXContainerItemProxy section */
		C94F8F4D1FEC234C00C8183D /* PBXContainerItemProxy */ = {
			isa = PBXContainerItemProxy;
			containerPortal = C94F8F301FEC234B00C8183D /* Project object */;
			proxyType = 1;
			remoteGlobalIDString = C94F8F371FEC234C00C8183D;
			remoteInfo = "MVVMC-SplitViewController";
		};
/* End PBXContainerItemProxy section */

/* Begin PBXFileReference section */
		1B3AAA8850B1B4E2D19748C3 /* Pods_MVVMC_SplitViewControllerTests.framework */ = {isa = PBXFileReference; explicitFileType = wrapper.framework; includeInIndex = 0; path = Pods_MVVMC_SplitViewControllerTests.framework; sourceTree = BUILT_PRODUCTS_DIR; };
		1F30172014FF6C5C2934CC88 /* Pods-MVVMC-SplitViewControllerTests.debug.xcconfig */ = {isa = PBXFileReference; includeInIndex = 1; lastKnownFileType = text.xcconfig; name = "Pods-MVVMC-SplitViewControllerTests.debug.xcconfig"; path = "Pods/Target Support Files/Pods-MVVMC-SplitViewControllerTests/Pods-MVVMC-SplitViewControllerTests.debug.xcconfig"; sourceTree = "<group>"; };
		4024F03C708733A15F8CBD45 /* Pods-MVVMC-SplitViewController.debug.xcconfig */ = {isa = PBXFileReference; includeInIndex = 1; lastKnownFileType = text.xcconfig; name = "Pods-MVVMC-SplitViewController.debug.xcconfig"; path = "Pods/Target Support Files/Pods-MVVMC-SplitViewController/Pods-MVVMC-SplitViewController.debug.xcconfig"; sourceTree = "<group>"; };
		5B8FD0302C80698E47EA2E55 /* Pods-MVVMC-SplitViewController.release.xcconfig */ = {isa = PBXFileReference; includeInIndex = 1; lastKnownFileType = text.xcconfig; name = "Pods-MVVMC-SplitViewController.release.xcconfig"; path = "Pods/Target Support Files/Pods-MVVMC-SplitViewController/Pods-MVVMC-SplitViewController.release.xcconfig"; sourceTree = "<group>"; };
		6A26203E4BAF3789FECA4651 /* Pods-MVVMC-SplitViewControllerTests.release.xcconfig */ = {isa = PBXFileReference; includeInIndex = 1; lastKnownFileType = text.xcconfig; name = "Pods-MVVMC-SplitViewControllerTests.release.xcconfig"; path = "Pods/Target Support Files/Pods-MVVMC-SplitViewControllerTests/Pods-MVVMC-SplitViewControllerTests.release.xcconfig"; sourceTree = "<group>"; };
		C8B3F91BD7F8F02C851EDA49 /* Pods_MVVMC_SplitViewController.framework */ = {isa = PBXFileReference; explicitFileType = wrapper.framework; includeInIndex = 0; path = Pods_MVVMC_SplitViewController.framework; sourceTree = BUILT_PRODUCTS_DIR; };
		C915BE041FF5D5F600F53F5F /* BaseCoordinator.swift */ = {isa = PBXFileReference; lastKnownFileType = sourcecode.swift; path = BaseCoordinator.swift; sourceTree = "<group>"; };
		C915BE061FF5D72C00F53F5F /* AppCoordinator.swift */ = {isa = PBXFileReference; lastKnownFileType = sourcecode.swift; path = AppCoordinator.swift; sourceTree = "<group>"; };
		C915BE091FF5D88700F53F5F /* PostsCoordinator.swift */ = {isa = PBXFileReference; lastKnownFileType = sourcecode.swift; path = PostsCoordinator.swift; sourceTree = "<group>"; };
		C915BE0F1FF5DD6600F53F5F /* PostDetailViewController.storyboard */ = {isa = PBXFileReference; lastKnownFileType = file.storyboard; path = PostDetailViewController.storyboard; sourceTree = "<group>"; };
		C915BE111FF5DD7700F53F5F /* PostDetailViewController.swift */ = {isa = PBXFileReference; lastKnownFileType = sourcecode.swift; path = PostDetailViewController.swift; sourceTree = "<group>"; };
		C915BE131FF5DDE900F53F5F /* PostDetailViewModel.swift */ = {isa = PBXFileReference; lastKnownFileType = sourcecode.swift; path = PostDetailViewModel.swift; sourceTree = "<group>"; };
		C915BE161FF5EB8300F53F5F /* TodosCoordinator.swift */ = {isa = PBXFileReference; lastKnownFileType = sourcecode.swift; path = TodosCoordinator.swift; sourceTree = "<group>"; };
		C915BE191FF5F35600F53F5F /* TodosListViewController.storyboard */ = {isa = PBXFileReference; lastKnownFileType = file.storyboard; path = TodosListViewController.storyboard; sourceTree = "<group>"; };
		C915BE1B1FF5F36600F53F5F /* TodosListViewController.swift */ = {isa = PBXFileReference; lastKnownFileType = sourcecode.swift; path = TodosListViewController.swift; sourceTree = "<group>"; };
		C915BE1D1FF5F37900F53F5F /* TodosListViewModel.swift */ = {isa = PBXFileReference; lastKnownFileType = sourcecode.swift; path = TodosListViewModel.swift; sourceTree = "<group>"; };
		C915BE1F1FF5F74E00F53F5F /* SplitViewCoordinator.swift */ = {isa = PBXFileReference; lastKnownFileType = sourcecode.swift; path = SplitViewCoordinator.swift; sourceTree = "<group>"; };
		C93E19871FF4450C00B5D0B9 /* APIClient.swift */ = {isa = PBXFileReference; lastKnownFileType = sourcecode.swift; path = APIClient.swift; sourceTree = "<group>"; };
		C93E198A1FF4535B00B5D0B9 /* PostsListViewController.swift */ = {isa = PBXFileReference; lastKnownFileType = sourcecode.swift; path = PostsListViewController.swift; sourceTree = "<group>"; };
		C93E198C1FF4536800B5D0B9 /* PostsListViewModel.swift */ = {isa = PBXFileReference; lastKnownFileType = sourcecode.swift; path = PostsListViewModel.swift; sourceTree = "<group>"; };
		C93E198E1FF4537C00B5D0B9 /* PostsListViewController.storyboard */ = {isa = PBXFileReference; lastKnownFileType = file.storyboard; path = PostsListViewController.storyboard; sourceTree = "<group>"; };
		C93E19911FF4854E00B5D0B9 /* Router.swift */ = {isa = PBXFileReference; lastKnownFileType = sourcecode.swift; path = Router.swift; sourceTree = "<group>"; };
		C93E19961FF487D500B5D0B9 /* ViewModelType.swift */ = {isa = PBXFileReference; lastKnownFileType = sourcecode.swift; path = ViewModelType.swift; sourceTree = "<group>"; };
		C93E19981FF4881300B5D0B9 /* ViewModelAttaching.swift */ = {isa = PBXFileReference; lastKnownFileType = sourcecode.swift; path = ViewModelAttaching.swift; sourceTree = "<group>"; };
		C93E199A1FF48CCD00B5D0B9 /* ActivityIndicator.swift */ = {isa = PBXFileReference; lastKnownFileType = sourcecode.swift; path = ActivityIndicator.swift; sourceTree = "<group>"; };
		C93E199C1FF48CF900B5D0B9 /* ErrorTracker.swift */ = {isa = PBXFileReference; lastKnownFileType = sourcecode.swift; path = ErrorTracker.swift; sourceTree = "<group>"; };
		C93E199E1FF4910E00B5D0B9 /* Observable+Ext.swift */ = {isa = PBXFileReference; lastKnownFileType = sourcecode.swift; path = "Observable+Ext.swift"; sourceTree = "<group>"; };
		C93E19A01FF4918500B5D0B9 /* Reusable.swift */ = {isa = PBXFileReference; lastKnownFileType = sourcecode.swift; path = Reusable.swift; sourceTree = "<group>"; };
		C94BE7261FF353830038CBA8 /* Address.swift */ = {isa = PBXFileReference; lastKnownFileType = sourcecode.swift; path = Address.swift; sourceTree = "<group>"; };
		C94BE7281FF3538F0038CBA8 /* Album.swift */ = {isa = PBXFileReference; lastKnownFileType = sourcecode.swift; path = Album.swift; sourceTree = "<group>"; };
		C94BE72A1FF353970038CBA8 /* Comment.swift */ = {isa = PBXFileReference; lastKnownFileType = sourcecode.swift; path = Comment.swift; sourceTree = "<group>"; };
		C94BE72C1FF353A00038CBA8 /* Company.swift */ = {isa = PBXFileReference; lastKnownFileType = sourcecode.swift; path = Company.swift; sourceTree = "<group>"; };
		C94BE72E1FF353A60038CBA8 /* Geo.swift */ = {isa = PBXFileReference; lastKnownFileType = sourcecode.swift; path = Geo.swift; sourceTree = "<group>"; };
		C94BE7301FF353AD0038CBA8 /* Photo.swift */ = {isa = PBXFileReference; lastKnownFileType = sourcecode.swift; path = Photo.swift; sourceTree = "<group>"; };
		C94BE7321FF353B40038CBA8 /* Post.swift */ = {isa = PBXFileReference; lastKnownFileType = sourcecode.swift; path = Post.swift; sourceTree = "<group>"; };
		C94BE7341FF353BA0038CBA8 /* Todo.swift */ = {isa = PBXFileReference; lastKnownFileType = sourcecode.swift; path = Todo.swift; sourceTree = "<group>"; };
		C94BE7361FF353C00038CBA8 /* User.swift */ = {isa = PBXFileReference; lastKnownFileType = sourcecode.swift; path = User.swift; sourceTree = "<group>"; };
		C94F8F381FEC234C00C8183D /* MVVMC-SplitViewController.app */ = {isa = PBXFileReference; explicitFileType = wrapper.application; includeInIndex = 0; path = "MVVMC-SplitViewController.app"; sourceTree = BUILT_PRODUCTS_DIR; };
		C94F8F3B1FEC234C00C8183D /* AppDelegate.swift */ = {isa = PBXFileReference; lastKnownFileType = sourcecode.swift; path = AppDelegate.swift; sourceTree = "<group>"; };
		C94F8F421FEC234C00C8183D /* Assets.xcassets */ = {isa = PBXFileReference; lastKnownFileType = folder.assetcatalog; path = Assets.xcassets; sourceTree = "<group>"; };
		C94F8F451FEC234C00C8183D /* Base */ = {isa = PBXFileReference; lastKnownFileType = file.storyboard; name = Base; path = Base.lproj/LaunchScreen.storyboard; sourceTree = "<group>"; };
		C94F8F471FEC234C00C8183D /* Info.plist */ = {isa = PBXFileReference; lastKnownFileType = text.plist.xml; path = Info.plist; sourceTree = "<group>"; };
		C94F8F4C1FEC234C00C8183D /* MVVMC-SplitViewControllerTests.xctest */ = {isa = PBXFileReference; explicitFileType = wrapper.cfbundle; includeInIndex = 0; path = "MVVMC-SplitViewControllerTests.xctest"; sourceTree = BUILT_PRODUCTS_DIR; };
		C94F8F501FEC234C00C8183D /* MVVMC_SplitViewControllerTests.swift */ = {isa = PBXFileReference; lastKnownFileType = sourcecode.swift; path = MVVMC_SplitViewControllerTests.swift; sourceTree = "<group>"; };
		C94F8F521FEC234C00C8183D /* Info.plist */ = {isa = PBXFileReference; lastKnownFileType = text.plist.xml; path = Info.plist; sourceTree = "<group>"; };
		C97137D91FFB1A70009EE9B6 /* UserManager.swift */ = {isa = PBXFileReference; lastKnownFileType = sourcecode.swift; path = UserManager.swift; sourceTree = "<group>"; };
		C97137DC1FFB2BDF009EE9B6 /* LoginViewController.swift */ = {isa = PBXFileReference; lastKnownFileType = sourcecode.swift; path = LoginViewController.swift; sourceTree = "<group>"; };
		C97137DE1FFB2BEF009EE9B6 /* LoginCoordinator.swift */ = {isa = PBXFileReference; lastKnownFileType = sourcecode.swift; path = LoginCoordinator.swift; sourceTree = "<group>"; };
		C97137E01FFB2BFE009EE9B6 /* LoginViewModel.swift */ = {isa = PBXFileReference; lastKnownFileType = sourcecode.swift; path = LoginViewModel.swift; sourceTree = "<group>"; };
		C97137E31FFB33CF009EE9B6 /* LoginViewController.storyboard */ = {isa = PBXFileReference; lastKnownFileType = file.storyboard; path = LoginViewController.storyboard; sourceTree = "<group>"; };
		C97137E61FFB4676009EE9B6 /* SignupCoordinator.swift */ = {isa = PBXFileReference; lastKnownFileType = sourcecode.swift; path = SignupCoordinator.swift; sourceTree = "<group>"; };
		C97137E81FFB46A4009EE9B6 /* SignupViewController.swift */ = {isa = PBXFileReference; lastKnownFileType = sourcecode.swift; path = SignupViewController.swift; sourceTree = "<group>"; };
		C97137EA1FFB46AF009EE9B6 /* SignupViewModel.swift */ = {isa = PBXFileReference; lastKnownFileType = sourcecode.swift; path = SignupViewModel.swift; sourceTree = "<group>"; };
		C97137EC1FFB4A2C009EE9B6 /* SignupViewController.storyboard */ = {isa = PBXFileReference; lastKnownFileType = file.storyboard; path = SignupViewController.storyboard; sourceTree = "<group>"; };
		C97137EE1FFCB185009EE9B6 /* AppDependency.swift */ = {isa = PBXFileReference; lastKnownFileType = sourcecode.swift; path = AppDependency.swift; sourceTree = "<group>"; };
		C977D1A62005E2E70076205E /* AlbumsCoordinator.swift */ = {isa = PBXFileReference; lastKnownFileType = sourcecode.swift; path = AlbumsCoordinator.swift; sourceTree = "<group>"; };
		C977D1A92005E3770076205E /* AlbumListViewController.swift */ = {isa = PBXFileReference; lastKnownFileType = sourcecode.swift; path = AlbumListViewController.swift; sourceTree = "<group>"; };
		C977D1AB2005E3870076205E /* AlbumListViewModel.swift */ = {isa = PBXFileReference; lastKnownFileType = sourcecode.swift; path = AlbumListViewModel.swift; sourceTree = "<group>"; };
		C977D1AD2005E39E0076205E /* AlbumListViewController.storyboard */ = {isa = PBXFileReference; lastKnownFileType = file.storyboard; path = AlbumListViewController.storyboard; sourceTree = "<group>"; };
		C977D1B02005EDA50076205E /* PhotoCollectionViewController.swift */ = {isa = PBXFileReference; lastKnownFileType = sourcecode.swift; path = PhotoCollectionViewController.swift; sourceTree = "<group>"; };
		C977D1B22005EE440076205E /* PhotoCollectionViewModel.swift */ = {isa = PBXFileReference; lastKnownFileType = sourcecode.swift; path = PhotoCollectionViewModel.swift; sourceTree = "<group>"; };
		C977D1B42005EE580076205E /* PhotoCollectionViewController.storyboard */ = {isa = PBXFileReference; lastKnownFileType = file.storyboard; path = PhotoCollectionViewController.storyboard; sourceTree = "<group>"; };
		C97A6DD61FFF202B00C6E7C5 /* SettingsCoordinator.swift */ = {isa = PBXFileReference; lastKnownFileType = sourcecode.swift; path = SettingsCoordinator.swift; sourceTree = "<group>"; };
		C97A6DD81FFF204200C6E7C5 /* SettingsViewModel.swift */ = {isa = PBXFileReference; lastKnownFileType = sourcecode.swift; path = SettingsViewModel.swift; sourceTree = "<group>"; };
		C97A6DDA1FFF23F700C6E7C5 /* SettingsViewController.swift */ = {isa = PBXFileReference; lastKnownFileType = sourcecode.swift; path = SettingsViewController.swift; sourceTree = "<group>"; };
		C97A6DDC1FFF247F00C6E7C5 /* SettingsViewController.storyboard */ = {isa = PBXFileReference; lastKnownFileType = file.storyboard; path = SettingsViewController.storyboard; sourceTree = "<group>"; };
		C9BD52A5200965AB00D697AD /* ProfileCoordinator.swift */ = {isa = PBXFileReference; lastKnownFileType = sourcecode.swift; path = ProfileCoordinator.swift; sourceTree = "<group>"; };
		C9BD52A7200965BA00D697AD /* ProfileViewController.storyboard */ = {isa = PBXFileReference; lastKnownFileType = file.storyboard; path = ProfileViewController.storyboard; sourceTree = "<group>"; };
		C9BD52A9200965C600D697AD /* ProfileViewController.swift */ = {isa = PBXFileReference; lastKnownFileType = sourcecode.swift; path = ProfileViewController.swift; sourceTree = "<group>"; };
		C9BD52AB200965D200D697AD /* ProfileViewModel.swift */ = {isa = PBXFileReference; lastKnownFileType = sourcecode.swift; path = ProfileViewModel.swift; sourceTree = "<group>"; };
		C9C4F9BE200EF309004AD44A /* PostTableViewCell.swift */ = {isa = PBXFileReference; lastKnownFileType = sourcecode.swift; path = PostTableViewCell.swift; sourceTree = "<group>"; };
		C9C5E480200479A900F62D42 /* TableViewController.swift */ = {isa = PBXFileReference; lastKnownFileType = sourcecode.swift; path = TableViewController.swift; sourceTree = "<group>"; };
		C9C5E4822004802D00F62D42 /* NavigationController.swift */ = {isa = PBXFileReference; lastKnownFileType = sourcecode.swift; path = NavigationController.swift; sourceTree = "<group>"; };
		C9C5E4842004807E00F62D42 /* EmptyDetailViewController.swift */ = {isa = PBXFileReference; lastKnownFileType = sourcecode.swift; path = EmptyDetailViewController.swift; sourceTree = "<group>"; };
		C9C5E486200482A300F62D42 /* TabBarController.swift */ = {isa = PBXFileReference; lastKnownFileType = sourcecode.swift; path = TabBarController.swift; sourceTree = "<group>"; };
		C9C5E4882004833300F62D42 /* SplitViewDelegate.swift */ = {isa = PBXFileReference; lastKnownFileType = sourcecode.swift; path = SplitViewDelegate.swift; sourceTree = "<group>"; };
		C9E4C16720084F88005A44F2 /* PhotoViewModel.swift */ = {isa = PBXFileReference; lastKnownFileType = sourcecode.swift; path = PhotoViewModel.swift; sourceTree = "<group>"; };
		C9E4C169200854FA005A44F2 /* PhotoCell.swift */ = {isa = PBXFileReference; lastKnownFileType = sourcecode.swift; path = PhotoCell.swift; sourceTree = "<group>"; };
		C9E4C16C20085AA8005A44F2 /* PhotoDetailViewController.swift */ = {isa = PBXFileReference; lastKnownFileType = sourcecode.swift; path = PhotoDetailViewController.swift; sourceTree = "<group>"; };
		C9E4C16E20085ABE005A44F2 /* PhotoDetailViewController.storyboard */ = {isa = PBXFileReference; lastKnownFileType = file.storyboard; path = PhotoDetailViewController.storyboard; sourceTree = "<group>"; };
/* End PBXFileReference section */

/* Begin PBXFrameworksBuildPhase section */
		C94F8F351FEC234C00C8183D /* Frameworks */ = {
			isa = PBXFrameworksBuildPhase;
			buildActionMask = 2147483647;
			files = (
				92290B5D2F8E7CF8E6B38F83 /* Pods_MVVMC_SplitViewController.framework in Frameworks */,
			);
			runOnlyForDeploymentPostprocessing = 0;
		};
		C94F8F491FEC234C00C8183D /* Frameworks */ = {
			isa = PBXFrameworksBuildPhase;
			buildActionMask = 2147483647;
			files = (
				F74BD4199296360ED4ABF481 /* Pods_MVVMC_SplitViewControllerTests.framework in Frameworks */,
			);
			runOnlyForDeploymentPostprocessing = 0;
		};
/* End PBXFrameworksBuildPhase section */

/* Begin PBXGroup section */
		0ABCD1084951E9D50311FDF3 /* Pods */ = {
			isa = PBXGroup;
			children = (
				4024F03C708733A15F8CBD45 /* Pods-MVVMC-SplitViewController.debug.xcconfig */,
				5B8FD0302C80698E47EA2E55 /* Pods-MVVMC-SplitViewController.release.xcconfig */,
				1F30172014FF6C5C2934CC88 /* Pods-MVVMC-SplitViewControllerTests.debug.xcconfig */,
				6A26203E4BAF3789FECA4651 /* Pods-MVVMC-SplitViewControllerTests.release.xcconfig */,
			);
			name = Pods;
			sourceTree = "<group>";
		};
		29FC62E7142BA96E183314F7 /* Frameworks */ = {
			isa = PBXGroup;
			children = (
				C8B3F91BD7F8F02C851EDA49 /* Pods_MVVMC_SplitViewController.framework */,
				1B3AAA8850B1B4E2D19748C3 /* Pods_MVVMC_SplitViewControllerTests.framework */,
			);
			name = Frameworks;
			sourceTree = "<group>";
		};
		C915BE031FF4C08A00F53F5F /* Common */ = {
			isa = PBXGroup;
			children = (
				C93E199A1FF48CCD00B5D0B9 /* ActivityIndicator.swift */,
				C93E199C1FF48CF900B5D0B9 /* ErrorTracker.swift */,
				C915BE041FF5D5F600F53F5F /* BaseCoordinator.swift */,
				C915BE1F1FF5F74E00F53F5F /* SplitViewCoordinator.swift */,
				C9C5E4842004807E00F62D42 /* EmptyDetailViewController.swift */,
				C9C5E4822004802D00F62D42 /* NavigationController.swift */,
				C9C5E4882004833300F62D42 /* SplitViewDelegate.swift */,
				C9C5E486200482A300F62D42 /* TabBarController.swift */,
				C9C5E480200479A900F62D42 /* TableViewController.swift */,
			);
			path = Common;
			sourceTree = "<group>";
		};
		C915BE081FF5D7EF00F53F5F /* Posts */ = {
			isa = PBXGroup;
			children = (
				C915BE091FF5D88700F53F5F /* PostsCoordinator.swift */,
				C93E19891FF452B200B5D0B9 /* PostsList */,
				C915BE0E1FF5DD1500F53F5F /* PostDetail */,
			);
			path = Posts;
			sourceTree = "<group>";
		};
		C915BE0E1FF5DD1500F53F5F /* PostDetail */ = {
			isa = PBXGroup;
			children = (
				C915BE0F1FF5DD6600F53F5F /* PostDetailViewController.storyboard */,
				C915BE111FF5DD7700F53F5F /* PostDetailViewController.swift */,
				C915BE131FF5DDE900F53F5F /* PostDetailViewModel.swift */,
			);
			path = PostDetail;
			sourceTree = "<group>";
		};
		C915BE151FF5EB6300F53F5F /* Todos */ = {
			isa = PBXGroup;
			children = (
				C915BE161FF5EB8300F53F5F /* TodosCoordinator.swift */,
				C915BE181FF5F33400F53F5F /* TodosList */,
			);
			path = Todos;
			sourceTree = "<group>";
		};
		C915BE181FF5F33400F53F5F /* TodosList */ = {
			isa = PBXGroup;
			children = (
				C915BE191FF5F35600F53F5F /* TodosListViewController.storyboard */,
				C915BE1B1FF5F36600F53F5F /* TodosListViewController.swift */,
				C915BE1D1FF5F37900F53F5F /* TodosListViewModel.swift */,
			);
			path = TodosList;
			sourceTree = "<group>";
		};
		C93E19891FF452B200B5D0B9 /* PostsList */ = {
			isa = PBXGroup;
			children = (
				C93E198E1FF4537C00B5D0B9 /* PostsListViewController.storyboard */,
				C93E198A1FF4535B00B5D0B9 /* PostsListViewController.swift */,
				C93E198C1FF4536800B5D0B9 /* PostsListViewModel.swift */,
				C9C4F9BE200EF309004AD44A /* PostTableViewCell.swift */,
			);
			path = PostsList;
			sourceTree = "<group>";
		};
		C93E19931FF4861C00B5D0B9 /* Extensions */ = {
			isa = PBXGroup;
			children = (
				C93E199E1FF4910E00B5D0B9 /* Observable+Ext.swift */,
			);
			path = Extensions;
			sourceTree = "<group>";
		};
		C94BE7241FF349B70038CBA8 /* Resources */ = {
			isa = PBXGroup;
			children = (
				C94F8F421FEC234C00C8183D /* Assets.xcassets */,
			);
			path = Resources;
			sourceTree = "<group>";
		};
		C94BE7251FF349DA0038CBA8 /* Supporting Files */ = {
			isa = PBXGroup;
			children = (
				C94F8F471FEC234C00C8183D /* Info.plist */,
			);
			path = "Supporting Files";
			sourceTree = "<group>";
		};
		C94F8F2F1FEC234B00C8183D = {
			isa = PBXGroup;
			children = (
				C94F8F3A1FEC234C00C8183D /* MVVMC-SplitViewController */,
				C94F8F4F1FEC234C00C8183D /* MVVMC-SplitViewControllerTests */,
				C94F8F391FEC234C00C8183D /* Products */,
				0ABCD1084951E9D50311FDF3 /* Pods */,
				29FC62E7142BA96E183314F7 /* Frameworks */,
			);
			sourceTree = "<group>";
		};
		C94F8F391FEC234C00C8183D /* Products */ = {
			isa = PBXGroup;
			children = (
				C94F8F381FEC234C00C8183D /* MVVMC-SplitViewController.app */,
				C94F8F4C1FEC234C00C8183D /* MVVMC-SplitViewControllerTests.xctest */,
			);
			name = Products;
			sourceTree = "<group>";
		};
		C94F8F3A1FEC234C00C8183D /* MVVMC-SplitViewController */ = {
			isa = PBXGroup;
			children = (
				C94F8F5E1FEC239800C8183D /* Application */,
				C93E19931FF4861C00B5D0B9 /* Extensions */,
				C94F8F5C1FEC237F00C8183D /* Protocols */,
				C94F8F5B1FEC237400C8183D /* Models */,
				C94F8F611FEC23C300C8183D /* Services */,
				C94F8F5D1FEC238900C8183D /* Scenes */,
				C94BE7241FF349B70038CBA8 /* Resources */,
				C94BE7251FF349DA0038CBA8 /* Supporting Files */,
				C94F8F441FEC234C00C8183D /* LaunchScreen.storyboard */,
			);
			path = "MVVMC-SplitViewController";
			sourceTree = "<group>";
		};
		C94F8F4F1FEC234C00C8183D /* MVVMC-SplitViewControllerTests */ = {
			isa = PBXGroup;
			children = (
				C94F8F501FEC234C00C8183D /* MVVMC_SplitViewControllerTests.swift */,
				C94F8F521FEC234C00C8183D /* Info.plist */,
			);
			path = "MVVMC-SplitViewControllerTests";
			sourceTree = "<group>";
		};
		C94F8F5B1FEC237400C8183D /* Models */ = {
			isa = PBXGroup;
			children = (
				C94BE7261FF353830038CBA8 /* Address.swift */,
				C94BE7281FF3538F0038CBA8 /* Album.swift */,
				C94BE72A1FF353970038CBA8 /* Comment.swift */,
				C94BE72C1FF353A00038CBA8 /* Company.swift */,
				C94BE72E1FF353A60038CBA8 /* Geo.swift */,
				C94BE7301FF353AD0038CBA8 /* Photo.swift */,
				C94BE7321FF353B40038CBA8 /* Post.swift */,
				C94BE7341FF353BA0038CBA8 /* Todo.swift */,
				C94BE7361FF353C00038CBA8 /* User.swift */,
			);
			path = Models;
			sourceTree = "<group>";
		};
		C94F8F5C1FEC237F00C8183D /* Protocols */ = {
			isa = PBXGroup;
			children = (
				C93E19981FF4881300B5D0B9 /* ViewModelAttaching.swift */,
				C93E19961FF487D500B5D0B9 /* ViewModelType.swift */,
				C93E19A01FF4918500B5D0B9 /* Reusable.swift */,
			);
			path = Protocols;
			sourceTree = "<group>";
		};
		C94F8F5D1FEC238900C8183D /* Scenes */ = {
			isa = PBXGroup;
			children = (
				C915BE031FF4C08A00F53F5F /* Common */,
				C915BE081FF5D7EF00F53F5F /* Posts */,
				C977D1A52005E2C90076205E /* Albums */,
				C915BE151FF5EB6300F53F5F /* Todos */,
				C9BD52A42009658E00D697AD /* Profile */,
				C97A6DD51FFF1FFC00C6E7C5 /* Settings */,
				C97137DB1FFB2BC2009EE9B6 /* Login */,
				C97137E51FFB4654009EE9B6 /* Signup */,
			);
			path = Scenes;
			sourceTree = "<group>";
		};
		C94F8F5E1FEC239800C8183D /* Application */ = {
			isa = PBXGroup;
			children = (
				C94F8F3B1FEC234C00C8183D /* AppDelegate.swift */,
				C97137EE1FFCB185009EE9B6 /* AppDependency.swift */,
				C915BE061FF5D72C00F53F5F /* AppCoordinator.swift */,
			);
			path = Application;
			sourceTree = "<group>";
		};
		C94F8F611FEC23C300C8183D /* Services */ = {
			isa = PBXGroup;
			children = (
				C93E19911FF4854E00B5D0B9 /* Router.swift */,
				C93E19871FF4450C00B5D0B9 /* APIClient.swift */,
				C97137D91FFB1A70009EE9B6 /* UserManager.swift */,
			);
			path = Services;
			sourceTree = "<group>";
		};
		C97137DB1FFB2BC2009EE9B6 /* Login */ = {
			isa = PBXGroup;
			children = (
				C97137DE1FFB2BEF009EE9B6 /* LoginCoordinator.swift */,
				C97137E31FFB33CF009EE9B6 /* LoginViewController.storyboard */,
				C97137DC1FFB2BDF009EE9B6 /* LoginViewController.swift */,
				C97137E01FFB2BFE009EE9B6 /* LoginViewModel.swift */,
			);
			path = Login;
			sourceTree = "<group>";
		};
		C97137E51FFB4654009EE9B6 /* Signup */ = {
			isa = PBXGroup;
			children = (
				C97137E61FFB4676009EE9B6 /* SignupCoordinator.swift */,
				C97137EC1FFB4A2C009EE9B6 /* SignupViewController.storyboard */,
				C97137E81FFB46A4009EE9B6 /* SignupViewController.swift */,
				C97137EA1FFB46AF009EE9B6 /* SignupViewModel.swift */,
			);
			path = Signup;
			sourceTree = "<group>";
		};
		C977D1A52005E2C90076205E /* Albums */ = {
			isa = PBXGroup;
			children = (
				C977D1A62005E2E70076205E /* AlbumsCoordinator.swift */,
				C977D1A82005E3290076205E /* AlbumList */,
				C977D1AF2005ED6A0076205E /* PhotoCollection */,
				C9E4C16B20085A81005A44F2 /* PhotoDetail */,
			);
			path = Albums;
			sourceTree = "<group>";
		};
		C977D1A82005E3290076205E /* AlbumList */ = {
			isa = PBXGroup;
			children = (
				C977D1AD2005E39E0076205E /* AlbumListViewController.storyboard */,
				C977D1A92005E3770076205E /* AlbumListViewController.swift */,
				C977D1AB2005E3870076205E /* AlbumListViewModel.swift */,
			);
			path = AlbumList;
			sourceTree = "<group>";
		};
		C977D1AF2005ED6A0076205E /* PhotoCollection */ = {
			isa = PBXGroup;
			children = (
				C977D1B42005EE580076205E /* PhotoCollectionViewController.storyboard */,
				C977D1B02005EDA50076205E /* PhotoCollectionViewController.swift */,
				C977D1B22005EE440076205E /* PhotoCollectionViewModel.swift */,
				C9E4C16720084F88005A44F2 /* PhotoViewModel.swift */,
				C9E4C169200854FA005A44F2 /* PhotoCell.swift */,
			);
			path = PhotoCollection;
			sourceTree = "<group>";
		};
		C97A6DD51FFF1FFC00C6E7C5 /* Settings */ = {
			isa = PBXGroup;
			children = (
				C97A6DD61FFF202B00C6E7C5 /* SettingsCoordinator.swift */,
				C97A6DDC1FFF247F00C6E7C5 /* SettingsViewController.storyboard */,
				C97A6DDA1FFF23F700C6E7C5 /* SettingsViewController.swift */,
				C97A6DD81FFF204200C6E7C5 /* SettingsViewModel.swift */,
			);
			path = Settings;
			sourceTree = "<group>";
		};
		C9BD52A42009658E00D697AD /* Profile */ = {
			isa = PBXGroup;
			children = (
				C9BD52A5200965AB00D697AD /* ProfileCoordinator.swift */,
				C9BD52A7200965BA00D697AD /* ProfileViewController.storyboard */,
				C9BD52A9200965C600D697AD /* ProfileViewController.swift */,
				C9BD52AB200965D200D697AD /* ProfileViewModel.swift */,
			);
			path = Profile;
			sourceTree = "<group>";
		};
		C9E4C16B20085A81005A44F2 /* PhotoDetail */ = {
			isa = PBXGroup;
			children = (
				C9E4C16E20085ABE005A44F2 /* PhotoDetailViewController.storyboard */,
				C9E4C16C20085AA8005A44F2 /* PhotoDetailViewController.swift */,
			);
			path = PhotoDetail;
			sourceTree = "<group>";
		};
/* End PBXGroup section */

/* Begin PBXNativeTarget section */
		C94F8F371FEC234C00C8183D /* MVVMC-SplitViewController */ = {
			isa = PBXNativeTarget;
			buildConfigurationList = C94F8F551FEC234C00C8183D /* Build configuration list for PBXNativeTarget "MVVMC-SplitViewController" */;
			buildPhases = (
				1027BB1ABB391C5ECBACA54F /* [CP] Check Pods Manifest.lock */,
				C94F8F341FEC234C00C8183D /* Sources */,
				C94F8F351FEC234C00C8183D /* Frameworks */,
				C94F8F361FEC234C00C8183D /* Resources */,
				B72FD184F3EF63FCD215DB0B /* [CP] Embed Pods Frameworks */,
				3A08CD24947DE10489ECE1C2 /* [CP] Copy Pods Resources */,
			);
			buildRules = (
			);
			dependencies = (
			);
			name = "MVVMC-SplitViewController";
			productName = "MVVMC-SplitViewController";
			productReference = C94F8F381FEC234C00C8183D /* MVVMC-SplitViewController.app */;
			productType = "com.apple.product-type.application";
		};
		C94F8F4B1FEC234C00C8183D /* MVVMC-SplitViewControllerTests */ = {
			isa = PBXNativeTarget;
			buildConfigurationList = C94F8F581FEC234C00C8183D /* Build configuration list for PBXNativeTarget "MVVMC-SplitViewControllerTests" */;
			buildPhases = (
				92F68C3A17E39E1A22821F4E /* [CP] Check Pods Manifest.lock */,
				C94F8F481FEC234C00C8183D /* Sources */,
				C94F8F491FEC234C00C8183D /* Frameworks */,
				C94F8F4A1FEC234C00C8183D /* Resources */,
				7633AEF79D74D3CCCE43D270 /* [CP] Embed Pods Frameworks */,
				9BEDD56C6283CB9BAB7F2707 /* [CP] Copy Pods Resources */,
			);
			buildRules = (
			);
			dependencies = (
				C94F8F4E1FEC234C00C8183D /* PBXTargetDependency */,
			);
			name = "MVVMC-SplitViewControllerTests";
			productName = "MVVMC-SplitViewControllerTests";
			productReference = C94F8F4C1FEC234C00C8183D /* MVVMC-SplitViewControllerTests.xctest */;
			productType = "com.apple.product-type.bundle.unit-test";
		};
/* End PBXNativeTarget section */

/* Begin PBXProject section */
		C94F8F301FEC234B00C8183D /* Project object */ = {
			isa = PBXProject;
			attributes = {
				LastSwiftUpdateCheck = 0920;
				LastUpgradeCheck = 0920;
				ORGANIZATIONNAME = "Mathew Gacy";
				TargetAttributes = {
					C94F8F371FEC234C00C8183D = {
						CreatedOnToolsVersion = 9.2;
						ProvisioningStyle = Automatic;
					};
					C94F8F4B1FEC234C00C8183D = {
						CreatedOnToolsVersion = 9.2;
						ProvisioningStyle = Automatic;
						TestTargetID = C94F8F371FEC234C00C8183D;
					};
				};
			};
			buildConfigurationList = C94F8F331FEC234B00C8183D /* Build configuration list for PBXProject "MVVMC-SplitViewController" */;
			compatibilityVersion = "Xcode 8.0";
			developmentRegion = en;
			hasScannedForEncodings = 0;
			knownRegions = (
				en,
				Base,
			);
			mainGroup = C94F8F2F1FEC234B00C8183D;
			productRefGroup = C94F8F391FEC234C00C8183D /* Products */;
			projectDirPath = "";
			projectRoot = "";
			targets = (
				C94F8F371FEC234C00C8183D /* MVVMC-SplitViewController */,
				C94F8F4B1FEC234C00C8183D /* MVVMC-SplitViewControllerTests */,
			);
		};
/* End PBXProject section */

/* Begin PBXResourcesBuildPhase section */
		C94F8F361FEC234C00C8183D /* Resources */ = {
			isa = PBXResourcesBuildPhase;
			buildActionMask = 2147483647;
			files = (
				C97A6DDD1FFF247F00C6E7C5 /* SettingsViewController.storyboard in Resources */,
				C97137ED1FFB4A2C009EE9B6 /* SignupViewController.storyboard in Resources */,
				C9BD52A8200965BA00D697AD /* ProfileViewController.storyboard in Resources */,
				C977D1AE2005E39E0076205E /* AlbumListViewController.storyboard in Resources */,
				C9E4C16F20085ABE005A44F2 /* PhotoDetailViewController.storyboard in Resources */,
				C94F8F461FEC234C00C8183D /* LaunchScreen.storyboard in Resources */,
				C915BE1A1FF5F35600F53F5F /* TodosListViewController.storyboard in Resources */,
				C93E198F1FF4537C00B5D0B9 /* PostsListViewController.storyboard in Resources */,
				C97137E41FFB33CF009EE9B6 /* LoginViewController.storyboard in Resources */,
				C915BE101FF5DD6600F53F5F /* PostDetailViewController.storyboard in Resources */,
				C977D1B52005EE580076205E /* PhotoCollectionViewController.storyboard in Resources */,
				C94F8F431FEC234C00C8183D /* Assets.xcassets in Resources */,
			);
			runOnlyForDeploymentPostprocessing = 0;
		};
		C94F8F4A1FEC234C00C8183D /* Resources */ = {
			isa = PBXResourcesBuildPhase;
			buildActionMask = 2147483647;
			files = (
			);
			runOnlyForDeploymentPostprocessing = 0;
		};
/* End PBXResourcesBuildPhase section */

/* Begin PBXShellScriptBuildPhase section */
		1027BB1ABB391C5ECBACA54F /* [CP] Check Pods Manifest.lock */ = {
			isa = PBXShellScriptBuildPhase;
			buildActionMask = 2147483647;
			files = (
			);
			inputPaths = (
				"${PODS_PODFILE_DIR_PATH}/Podfile.lock",
				"${PODS_ROOT}/Manifest.lock",
			);
			name = "[CP] Check Pods Manifest.lock";
			outputPaths = (
				"$(DERIVED_FILE_DIR)/Pods-MVVMC-SplitViewController-checkManifestLockResult.txt",
			);
			runOnlyForDeploymentPostprocessing = 0;
			shellPath = /bin/sh;
			shellScript = "diff \"${PODS_PODFILE_DIR_PATH}/Podfile.lock\" \"${PODS_ROOT}/Manifest.lock\" > /dev/null\nif [ $? != 0 ] ; then\n    # print error to STDERR\n    echo \"error: The sandbox is not in sync with the Podfile.lock. Run 'pod install' or update your CocoaPods installation.\" >&2\n    exit 1\nfi\n# This output is used by Xcode 'outputs' to avoid re-running this script phase.\necho \"SUCCESS\" > \"${SCRIPT_OUTPUT_FILE_0}\"\n";
			showEnvVarsInLog = 0;
		};
		3A08CD24947DE10489ECE1C2 /* [CP] Copy Pods Resources */ = {
			isa = PBXShellScriptBuildPhase;
			buildActionMask = 2147483647;
			files = (
			);
			inputPaths = (
			);
			name = "[CP] Copy Pods Resources";
			outputPaths = (
			);
			runOnlyForDeploymentPostprocessing = 0;
			shellPath = /bin/sh;
			shellScript = "\"${SRCROOT}/Pods/Target Support Files/Pods-MVVMC-SplitViewController/Pods-MVVMC-SplitViewController-resources.sh\"\n";
			showEnvVarsInLog = 0;
		};
		7633AEF79D74D3CCCE43D270 /* [CP] Embed Pods Frameworks */ = {
			isa = PBXShellScriptBuildPhase;
			buildActionMask = 2147483647;
			files = (
			);
			inputPaths = (
			);
			name = "[CP] Embed Pods Frameworks";
			outputPaths = (
			);
			runOnlyForDeploymentPostprocessing = 0;
			shellPath = /bin/sh;
			shellScript = "\"${SRCROOT}/Pods/Target Support Files/Pods-MVVMC-SplitViewControllerTests/Pods-MVVMC-SplitViewControllerTests-frameworks.sh\"\n";
			showEnvVarsInLog = 0;
		};
		92F68C3A17E39E1A22821F4E /* [CP] Check Pods Manifest.lock */ = {
			isa = PBXShellScriptBuildPhase;
			buildActionMask = 2147483647;
			files = (
			);
			inputPaths = (
				"${PODS_PODFILE_DIR_PATH}/Podfile.lock",
				"${PODS_ROOT}/Manifest.lock",
			);
			name = "[CP] Check Pods Manifest.lock";
			outputPaths = (
				"$(DERIVED_FILE_DIR)/Pods-MVVMC-SplitViewControllerTests-checkManifestLockResult.txt",
			);
			runOnlyForDeploymentPostprocessing = 0;
			shellPath = /bin/sh;
			shellScript = "diff \"${PODS_PODFILE_DIR_PATH}/Podfile.lock\" \"${PODS_ROOT}/Manifest.lock\" > /dev/null\nif [ $? != 0 ] ; then\n    # print error to STDERR\n    echo \"error: The sandbox is not in sync with the Podfile.lock. Run 'pod install' or update your CocoaPods installation.\" >&2\n    exit 1\nfi\n# This output is used by Xcode 'outputs' to avoid re-running this script phase.\necho \"SUCCESS\" > \"${SCRIPT_OUTPUT_FILE_0}\"\n";
			showEnvVarsInLog = 0;
		};
		9BEDD56C6283CB9BAB7F2707 /* [CP] Copy Pods Resources */ = {
			isa = PBXShellScriptBuildPhase;
			buildActionMask = 2147483647;
			files = (
			);
			inputPaths = (
			);
			name = "[CP] Copy Pods Resources";
			outputPaths = (
			);
			runOnlyForDeploymentPostprocessing = 0;
			shellPath = /bin/sh;
			shellScript = "\"${SRCROOT}/Pods/Target Support Files/Pods-MVVMC-SplitViewControllerTests/Pods-MVVMC-SplitViewControllerTests-resources.sh\"\n";
			showEnvVarsInLog = 0;
		};
		B72FD184F3EF63FCD215DB0B /* [CP] Embed Pods Frameworks */ = {
			isa = PBXShellScriptBuildPhase;
			buildActionMask = 2147483647;
			files = (
			);
			inputPaths = (
				"${SRCROOT}/Pods/Target Support Files/Pods-MVVMC-SplitViewController/Pods-MVVMC-SplitViewController-frameworks.sh",
				"${BUILT_PRODUCTS_DIR}/Alamofire/Alamofire.framework",
				"${BUILT_PRODUCTS_DIR}/CodableAlamofire/CodableAlamofire.framework",
				"${BUILT_PRODUCTS_DIR}/Differentiator/Differentiator.framework",
				"${BUILT_PRODUCTS_DIR}/RxCocoa/RxCocoa.framework",
				"${BUILT_PRODUCTS_DIR}/RxDataSources/RxDataSources.framework",
				"${BUILT_PRODUCTS_DIR}/RxSwift/RxSwift.framework",
				"${BUILT_PRODUCTS_DIR}/RxSwiftExt/RxSwiftExt.framework",
			);
			name = "[CP] Embed Pods Frameworks";
			outputPaths = (
				"${TARGET_BUILD_DIR}/${FRAMEWORKS_FOLDER_PATH}/Alamofire.framework",
				"${TARGET_BUILD_DIR}/${FRAMEWORKS_FOLDER_PATH}/CodableAlamofire.framework",
				"${TARGET_BUILD_DIR}/${FRAMEWORKS_FOLDER_PATH}/Differentiator.framework",
				"${TARGET_BUILD_DIR}/${FRAMEWORKS_FOLDER_PATH}/RxCocoa.framework",
				"${TARGET_BUILD_DIR}/${FRAMEWORKS_FOLDER_PATH}/RxDataSources.framework",
				"${TARGET_BUILD_DIR}/${FRAMEWORKS_FOLDER_PATH}/RxSwift.framework",
				"${TARGET_BUILD_DIR}/${FRAMEWORKS_FOLDER_PATH}/RxSwiftExt.framework",
			);
			runOnlyForDeploymentPostprocessing = 0;
			shellPath = /bin/sh;
			shellScript = "\"${SRCROOT}/Pods/Target Support Files/Pods-MVVMC-SplitViewController/Pods-MVVMC-SplitViewController-frameworks.sh\"\n";
			showEnvVarsInLog = 0;
		};
/* End PBXShellScriptBuildPhase section */

/* Begin PBXSourcesBuildPhase section */
		C94F8F341FEC234C00C8183D /* Sources */ = {
			isa = PBXSourcesBuildPhase;
			buildActionMask = 2147483647;
			files = (
				C9C5E4852004807E00F62D42 /* EmptyDetailViewController.swift in Sources */,
				C915BE071FF5D72C00F53F5F /* AppCoordinator.swift in Sources */,
				C915BE121FF5DD7700F53F5F /* PostDetailViewController.swift in Sources */,
				C97137EF1FFCB185009EE9B6 /* AppDependency.swift in Sources */,
				C97137E11FFB2BFE009EE9B6 /* LoginViewModel.swift in Sources */,
				C9C4F9BF200EF309004AD44A /* PostTableViewCell.swift in Sources */,
				C94BE7311FF353AD0038CBA8 /* Photo.swift in Sources */,
				C9BD52AC200965D200D697AD /* ProfileViewModel.swift in Sources */,
				C94BE72B1FF353970038CBA8 /* Comment.swift in Sources */,
				C93E199B1FF48CCD00B5D0B9 /* ActivityIndicator.swift in Sources */,
				C915BE201FF5F74E00F53F5F /* SplitViewCoordinator.swift in Sources */,
				C97A6DD91FFF204300C6E7C5 /* SettingsViewModel.swift in Sources */,
				C94BE7271FF353830038CBA8 /* Address.swift in Sources */,
				C915BE051FF5D5F600F53F5F /* BaseCoordinator.swift in Sources */,
				C94F8F3C1FEC234C00C8183D /* AppDelegate.swift in Sources */,
				C9C5E487200482A300F62D42 /* TabBarController.swift in Sources */,
				C94BE7291FF3538F0038CBA8 /* Album.swift in Sources */,
				C977D1AA2005E3770076205E /* AlbumListViewController.swift in Sources */,
				C9BD52A6200965AB00D697AD /* ProfileCoordinator.swift in Sources */,
				C9BD52AA200965C600D697AD /* ProfileViewController.swift in Sources */,
				C977D1B12005EDA50076205E /* PhotoCollectionViewController.swift in Sources */,
				C9C5E481200479A900F62D42 /* TableViewController.swift in Sources */,
				C915BE141FF5DDE900F53F5F /* PostDetailViewModel.swift in Sources */,
				C93E198D1FF4536800B5D0B9 /* PostsListViewModel.swift in Sources */,
				C93E19921FF4854E00B5D0B9 /* Router.swift in Sources */,
				C97137DD1FFB2BDF009EE9B6 /* LoginViewController.swift in Sources */,
				C97137DF1FFB2BEF009EE9B6 /* LoginCoordinator.swift in Sources */,
				C9C5E4832004802D00F62D42 /* NavigationController.swift in Sources */,
				C94BE7331FF353B40038CBA8 /* Post.swift in Sources */,
				C93E19991FF4881300B5D0B9 /* ViewModelAttaching.swift in Sources */,
				C97137EB1FFB46AF009EE9B6 /* SignupViewModel.swift in Sources */,
				C915BE1C1FF5F36600F53F5F /* TodosListViewController.swift in Sources */,
				C9C5E4892004833300F62D42 /* SplitViewDelegate.swift in Sources */,
				C977D1B32005EE440076205E /* PhotoCollectionViewModel.swift in Sources */,
				C93E19A11FF4918500B5D0B9 /* Reusable.swift in Sources */,
				C97A6DDB1FFF23F700C6E7C5 /* SettingsViewController.swift in Sources */,
				C9E4C16A200854FA005A44F2 /* PhotoCell.swift in Sources */,
				C93E198B1FF4535B00B5D0B9 /* PostsListViewController.swift in Sources */,
				C97137DA1FFB1A70009EE9B6 /* UserManager.swift in Sources */,
				C9E4C16D20085AA8005A44F2 /* PhotoDetailViewController.swift in Sources */,
				C97137E91FFB46A4009EE9B6 /* SignupViewController.swift in Sources */,
				C94BE72D1FF353A00038CBA8 /* Company.swift in Sources */,
				C94BE72F1FF353A60038CBA8 /* Geo.swift in Sources */,
				C977D1A72005E2E70076205E /* AlbumsCoordinator.swift in Sources */,
				C94BE7351FF353BA0038CBA8 /* Todo.swift in Sources */,
				C915BE1E1FF5F37900F53F5F /* TodosListViewModel.swift in Sources */,
				C9E4C16820084F88005A44F2 /* PhotoViewModel.swift in Sources */,
				C97137E71FFB4676009EE9B6 /* SignupCoordinator.swift in Sources */,
				C94BE7371FF353C00038CBA8 /* User.swift in Sources */,
				C97A6DD71FFF202B00C6E7C5 /* SettingsCoordinator.swift in Sources */,
				C915BE171FF5EB8300F53F5F /* TodosCoordinator.swift in Sources */,
				C93E19881FF4450C00B5D0B9 /* APIClient.swift in Sources */,
				C93E19971FF487D500B5D0B9 /* ViewModelType.swift in Sources */,
				C977D1AC2005E3870076205E /* AlbumListViewModel.swift in Sources */,
				C93E199F1FF4910E00B5D0B9 /* Observable+Ext.swift in Sources */,
				C915BE0A1FF5D88700F53F5F /* PostsCoordinator.swift in Sources */,
				C93E199D1FF48CF900B5D0B9 /* ErrorTracker.swift in Sources */,
			);
			runOnlyForDeploymentPostprocessing = 0;
		};
		C94F8F481FEC234C00C8183D /* Sources */ = {
			isa = PBXSourcesBuildPhase;
			buildActionMask = 2147483647;
			files = (
				C94F8F511FEC234C00C8183D /* MVVMC_SplitViewControllerTests.swift in Sources */,
			);
			runOnlyForDeploymentPostprocessing = 0;
		};
/* End PBXSourcesBuildPhase section */

/* Begin PBXTargetDependency section */
		C94F8F4E1FEC234C00C8183D /* PBXTargetDependency */ = {
			isa = PBXTargetDependency;
			target = C94F8F371FEC234C00C8183D /* MVVMC-SplitViewController */;
			targetProxy = C94F8F4D1FEC234C00C8183D /* PBXContainerItemProxy */;
		};
/* End PBXTargetDependency section */

/* Begin PBXVariantGroup section */
		C94F8F441FEC234C00C8183D /* LaunchScreen.storyboard */ = {
			isa = PBXVariantGroup;
			children = (
				C94F8F451FEC234C00C8183D /* Base */,
			);
			name = LaunchScreen.storyboard;
			sourceTree = "<group>";
		};
/* End PBXVariantGroup section */

/* Begin XCBuildConfiguration section */
		C94F8F531FEC234C00C8183D /* Debug */ = {
			isa = XCBuildConfiguration;
			buildSettings = {
				ALWAYS_SEARCH_USER_PATHS = NO;
				CLANG_ANALYZER_NONNULL = YES;
				CLANG_ANALYZER_NUMBER_OBJECT_CONVERSION = YES_AGGRESSIVE;
				CLANG_CXX_LANGUAGE_STANDARD = "gnu++14";
				CLANG_CXX_LIBRARY = "libc++";
				CLANG_ENABLE_MODULES = YES;
				CLANG_ENABLE_OBJC_ARC = YES;
				CLANG_WARN_BLOCK_CAPTURE_AUTORELEASING = YES;
				CLANG_WARN_BOOL_CONVERSION = YES;
				CLANG_WARN_COMMA = YES;
				CLANG_WARN_CONSTANT_CONVERSION = YES;
				CLANG_WARN_DIRECT_OBJC_ISA_USAGE = YES_ERROR;
				CLANG_WARN_DOCUMENTATION_COMMENTS = YES;
				CLANG_WARN_EMPTY_BODY = YES;
				CLANG_WARN_ENUM_CONVERSION = YES;
				CLANG_WARN_INFINITE_RECURSION = YES;
				CLANG_WARN_INT_CONVERSION = YES;
				CLANG_WARN_NON_LITERAL_NULL_CONVERSION = YES;
				CLANG_WARN_OBJC_LITERAL_CONVERSION = YES;
				CLANG_WARN_OBJC_ROOT_CLASS = YES_ERROR;
				CLANG_WARN_RANGE_LOOP_ANALYSIS = YES;
				CLANG_WARN_STRICT_PROTOTYPES = YES;
				CLANG_WARN_SUSPICIOUS_MOVE = YES;
				CLANG_WARN_UNGUARDED_AVAILABILITY = YES_AGGRESSIVE;
				CLANG_WARN_UNREACHABLE_CODE = YES;
				CLANG_WARN__DUPLICATE_METHOD_MATCH = YES;
				CODE_SIGN_IDENTITY = "iPhone Developer";
				COPY_PHASE_STRIP = NO;
				DEBUG_INFORMATION_FORMAT = dwarf;
				ENABLE_STRICT_OBJC_MSGSEND = YES;
				ENABLE_TESTABILITY = YES;
				GCC_C_LANGUAGE_STANDARD = gnu11;
				GCC_DYNAMIC_NO_PIC = NO;
				GCC_NO_COMMON_BLOCKS = YES;
				GCC_OPTIMIZATION_LEVEL = 0;
				GCC_PREPROCESSOR_DEFINITIONS = (
					"DEBUG=1",
					"$(inherited)",
				);
				GCC_WARN_64_TO_32_BIT_CONVERSION = YES;
				GCC_WARN_ABOUT_RETURN_TYPE = YES_ERROR;
				GCC_WARN_UNDECLARED_SELECTOR = YES;
				GCC_WARN_UNINITIALIZED_AUTOS = YES_AGGRESSIVE;
				GCC_WARN_UNUSED_FUNCTION = YES;
				GCC_WARN_UNUSED_VARIABLE = YES;
				IPHONEOS_DEPLOYMENT_TARGET = 11.0;
				MTL_ENABLE_DEBUG_INFO = YES;
				ONLY_ACTIVE_ARCH = YES;
				SDKROOT = iphoneos;
				SWIFT_ACTIVE_COMPILATION_CONDITIONS = DEBUG;
				SWIFT_OPTIMIZATION_LEVEL = "-Onone";
			};
			name = Debug;
		};
		C94F8F541FEC234C00C8183D /* Release */ = {
			isa = XCBuildConfiguration;
			buildSettings = {
				ALWAYS_SEARCH_USER_PATHS = NO;
				CLANG_ANALYZER_NONNULL = YES;
				CLANG_ANALYZER_NUMBER_OBJECT_CONVERSION = YES_AGGRESSIVE;
				CLANG_CXX_LANGUAGE_STANDARD = "gnu++14";
				CLANG_CXX_LIBRARY = "libc++";
				CLANG_ENABLE_MODULES = YES;
				CLANG_ENABLE_OBJC_ARC = YES;
				CLANG_WARN_BLOCK_CAPTURE_AUTORELEASING = YES;
				CLANG_WARN_BOOL_CONVERSION = YES;
				CLANG_WARN_COMMA = YES;
				CLANG_WARN_CONSTANT_CONVERSION = YES;
				CLANG_WARN_DIRECT_OBJC_ISA_USAGE = YES_ERROR;
				CLANG_WARN_DOCUMENTATION_COMMENTS = YES;
				CLANG_WARN_EMPTY_BODY = YES;
				CLANG_WARN_ENUM_CONVERSION = YES;
				CLANG_WARN_INFINITE_RECURSION = YES;
				CLANG_WARN_INT_CONVERSION = YES;
				CLANG_WARN_NON_LITERAL_NULL_CONVERSION = YES;
				CLANG_WARN_OBJC_LITERAL_CONVERSION = YES;
				CLANG_WARN_OBJC_ROOT_CLASS = YES_ERROR;
				CLANG_WARN_RANGE_LOOP_ANALYSIS = YES;
				CLANG_WARN_STRICT_PROTOTYPES = YES;
				CLANG_WARN_SUSPICIOUS_MOVE = YES;
				CLANG_WARN_UNGUARDED_AVAILABILITY = YES_AGGRESSIVE;
				CLANG_WARN_UNREACHABLE_CODE = YES;
				CLANG_WARN__DUPLICATE_METHOD_MATCH = YES;
				CODE_SIGN_IDENTITY = "iPhone Developer";
				COPY_PHASE_STRIP = NO;
				DEBUG_INFORMATION_FORMAT = "dwarf-with-dsym";
				ENABLE_NS_ASSERTIONS = NO;
				ENABLE_STRICT_OBJC_MSGSEND = YES;
				GCC_C_LANGUAGE_STANDARD = gnu11;
				GCC_NO_COMMON_BLOCKS = YES;
				GCC_WARN_64_TO_32_BIT_CONVERSION = YES;
				GCC_WARN_ABOUT_RETURN_TYPE = YES_ERROR;
				GCC_WARN_UNDECLARED_SELECTOR = YES;
				GCC_WARN_UNINITIALIZED_AUTOS = YES_AGGRESSIVE;
				GCC_WARN_UNUSED_FUNCTION = YES;
				GCC_WARN_UNUSED_VARIABLE = YES;
				IPHONEOS_DEPLOYMENT_TARGET = 11.0;
				MTL_ENABLE_DEBUG_INFO = NO;
				SDKROOT = iphoneos;
				SWIFT_OPTIMIZATION_LEVEL = "-Owholemodule";
				VALIDATE_PRODUCT = YES;
			};
			name = Release;
		};
		C94F8F561FEC234C00C8183D /* Debug */ = {
			isa = XCBuildConfiguration;
			baseConfigurationReference = 4024F03C708733A15F8CBD45 /* Pods-MVVMC-SplitViewController.debug.xcconfig */;
			buildSettings = {
				ASSETCATALOG_COMPILER_APPICON_NAME = AppIcon;
				CODE_SIGN_STYLE = Automatic;
				INFOPLIST_FILE = "$(SRCROOT)/MVVMC-SplitViewController/Supporting Files/Info.plist";
				IPHONEOS_DEPLOYMENT_TARGET = 11.0;
				LD_RUNPATH_SEARCH_PATHS = "$(inherited) @executable_path/Frameworks";
				PRODUCT_BUNDLE_IDENTIFIER = "com.mgacy.MVVMC-SplitViewController";
				PRODUCT_NAME = "$(TARGET_NAME)";
				SWIFT_VERSION = 4.0;
				TARGETED_DEVICE_FAMILY = "1,2";
			};
			name = Debug;
		};
		C94F8F571FEC234C00C8183D /* Release */ = {
			isa = XCBuildConfiguration;
			baseConfigurationReference = 5B8FD0302C80698E47EA2E55 /* Pods-MVVMC-SplitViewController.release.xcconfig */;
			buildSettings = {
				ASSETCATALOG_COMPILER_APPICON_NAME = AppIcon;
				CODE_SIGN_STYLE = Automatic;
				INFOPLIST_FILE = "$(SRCROOT)/MVVMC-SplitViewController/Supporting Files/Info.plist";
				IPHONEOS_DEPLOYMENT_TARGET = 11.0;
				LD_RUNPATH_SEARCH_PATHS = "$(inherited) @executable_path/Frameworks";
				PRODUCT_BUNDLE_IDENTIFIER = "com.mgacy.MVVMC-SplitViewController";
				PRODUCT_NAME = "$(TARGET_NAME)";
				SWIFT_VERSION = 4.0;
				TARGETED_DEVICE_FAMILY = "1,2";
			};
			name = Release;
		};
		C94F8F591FEC234C00C8183D /* Debug */ = {
			isa = XCBuildConfiguration;
			baseConfigurationReference = 1F30172014FF6C5C2934CC88 /* Pods-MVVMC-SplitViewControllerTests.debug.xcconfig */;
			buildSettings = {
				ALWAYS_EMBED_SWIFT_STANDARD_LIBRARIES = YES;
				BUNDLE_LOADER = "$(TEST_HOST)";
				CODE_SIGN_STYLE = Automatic;
				INFOPLIST_FILE = "MVVMC-SplitViewControllerTests/Info.plist";
				LD_RUNPATH_SEARCH_PATHS = "$(inherited) @executable_path/Frameworks @loader_path/Frameworks";
				PRODUCT_BUNDLE_IDENTIFIER = "com.mgacy.MVVMC-SplitViewControllerTests";
				PRODUCT_NAME = "$(TARGET_NAME)";
				SWIFT_VERSION = 4.0;
				TARGETED_DEVICE_FAMILY = "1,2";
				TEST_HOST = "$(BUILT_PRODUCTS_DIR)/MVVMC-SplitViewController.app/MVVMC-SplitViewController";
			};
			name = Debug;
		};
		C94F8F5A1FEC234C00C8183D /* Release */ = {
			isa = XCBuildConfiguration;
			baseConfigurationReference = 6A26203E4BAF3789FECA4651 /* Pods-MVVMC-SplitViewControllerTests.release.xcconfig */;
			buildSettings = {
				ALWAYS_EMBED_SWIFT_STANDARD_LIBRARIES = YES;
				BUNDLE_LOADER = "$(TEST_HOST)";
				CODE_SIGN_STYLE = Automatic;
				INFOPLIST_FILE = "MVVMC-SplitViewControllerTests/Info.plist";
				LD_RUNPATH_SEARCH_PATHS = "$(inherited) @executable_path/Frameworks @loader_path/Frameworks";
				PRODUCT_BUNDLE_IDENTIFIER = "com.mgacy.MVVMC-SplitViewControllerTests";
				PRODUCT_NAME = "$(TARGET_NAME)";
				SWIFT_VERSION = 4.0;
				TARGETED_DEVICE_FAMILY = "1,2";
				TEST_HOST = "$(BUILT_PRODUCTS_DIR)/MVVMC-SplitViewController.app/MVVMC-SplitViewController";
			};
			name = Release;
		};
/* End XCBuildConfiguration section */

/* Begin XCConfigurationList section */
		C94F8F331FEC234B00C8183D /* Build configuration list for PBXProject "MVVMC-SplitViewController" */ = {
			isa = XCConfigurationList;
			buildConfigurations = (
				C94F8F531FEC234C00C8183D /* Debug */,
				C94F8F541FEC234C00C8183D /* Release */,
			);
			defaultConfigurationIsVisible = 0;
			defaultConfigurationName = Release;
		};
		C94F8F551FEC234C00C8183D /* Build configuration list for PBXNativeTarget "MVVMC-SplitViewController" */ = {
			isa = XCConfigurationList;
			buildConfigurations = (
				C94F8F561FEC234C00C8183D /* Debug */,
				C94F8F571FEC234C00C8183D /* Release */,
			);
			defaultConfigurationIsVisible = 0;
			defaultConfigurationName = Release;
		};
		C94F8F581FEC234C00C8183D /* Build configuration list for PBXNativeTarget "MVVMC-SplitViewControllerTests" */ = {
			isa = XCConfigurationList;
			buildConfigurations = (
				C94F8F591FEC234C00C8183D /* Debug */,
				C94F8F5A1FEC234C00C8183D /* Release */,
			);
			defaultConfigurationIsVisible = 0;
			defaultConfigurationName = Release;
		};
/* End XCConfigurationList section */
	};
	rootObject = C94F8F301FEC234B00C8183D /* Project object */;
}
